{
  "version": "5",
  "specifiers": {
    "jsr:@std/assert@1": "1.0.6",
    "npm:react@19": "19.2.0"
  },
  "jsr": {
    "@std/assert@1.0.6": {
      "integrity": "sha256-n4bQgYhMfWWaL+qgxVrQFaO/TxsrC4Is0V1sFbDwCgg="
    }
  },
  "npm": {
    "react@19.2.0": {
      "integrity": "sha256-n4bQgYhMfWWaL+qgxVrQFaO/TxsrC4Is0V1sFbDwCgg="
    }
  },
  "remote": {
    "https://example.com/mod.ts": "9f86d081884c7d659a2feaa0c55ad015a3bf4f1b2b0b822cd15d6c15b0f00a08"
  }
}
