GEM
  remote: https://rubygems.org/
  specs:
    rack (3.0.8)
      rack-session (>= 2.0.0)
    rack-session (2.0.0)
      rack (>= 3.0.0)

PATH
  remote: .
  specs:
    local-pkg (0.0.1)

PLATFORMS
  ruby

DEPENDENCIES
  local-pkg!
  rack

CHECKSUMS
  rack (3.0.8) sha256=9f86d081884c7d659a2feaa0c55ad015a3bf4f1b2b0b822cd15d6c15b0f00a08
  rack-session (2.0.0) sha256=aaaaaaaaaaaaaaaaaaaaaaaaaaaaaaaaaaaaaaaaaaaaaaaaaaaaaaaaaaaaaaaa

BUNDLED WITH
   2.5.11
