# yarn lockfile v1

"@scope/pkg@^1.2.3":
  version "1.2.3"
  resolved "https://registry.npmjs.org/@scope/pkg/-/pkg-1.2.3.tgz"
  integrity sha256-n4bQgYhMfWWaL+qgxVrQFaO/TxsrC4Is0V1sFbDwCgg=

react@^19.2.0:
  version "19.2.0"
  resolved "https://registry.npmjs.org/react/-/react-19.2.0.tgz"
  integrity sha256-n4bQgYhMfWWaL+qgxVrQFaO/TxsrC4Is0V1sFbDwCgg=
