version = 1

[[package]]
name = "requests"
version = "2.32.3"
source = { registry = "https://pypi.org/simple" }
sdist = { url = "https://files.pythonhosted.org/packages/requests-2.32.3.tar.gz", hash = "sha256:9f86d081884c7d659a2feaa0c55ad015a3bf4f1b2b0b822cd15d6c15b0f00a08" }

[[package]]
name = "idna"
version = "3.10"
wheels = [
    { url = "https://files.pythonhosted.org/packages/idna-3.10.whl", hash = "sha256:9f86d081884c7d659a2feaa0c55ad015a3bf4f1b2b0b822cd15d6c15b0f00a08" },
]
