version: 1
source:
  ecosystems:
    - npm
  resolvers:
    - npm
policy:
  digest: sha256:de0a30aebfb6c56c7568b4ce1cf17e9d4f99844f6ed150e620142f89124b63f9
artifacts:
  - subject:
      ecosystem: npm
      name: ms
    version: 2.1.3
    digest: sha512-6FlzubTLZG3J2a/NVCAleEhjzq5oxgHyaCU9yYXvcLsvoVaHJq/s5xXI6/RXPrVu2FIqT1V6kELbXjI/NcLf4VQ==
    source:
      resolver: npm
      registry: https://registry.npmjs.org
    evidence:
      provenance: unknown
      signature: unknown
      vulnerabilities:
        state: unknown
    trust:
      status: unknown
      reasons:
        - vulnerabilities not checked
