version: 1
source:
  ecosystems:
    - npm
  resolvers:
    - npm
artifacts:
  - subject:
      ecosystem: npm
      name: ms
    version: 2.1.3
    digest: sha512-6FlzubTLZG3J2a/NVCAleEhjzq5oxgHyaCU9yYXvcLsvoVaHJq/s5xXI6/RXPrVu2FIqT1V6kELbXjI/NcLf4VQ==
    source:
      resolver: npm
      registry: https://registry.npmjs.org
    evidence:
      provenance: unknown
      signature: unknown
    trust:
      status: trusted
