# This file is @generated by PDM.
# It is not intended for manual editing.

[[package]]
name = "requests"
version = "2.32.3"
requires_python = ">=3.8"
summary = "Python HTTP for Humans."
groups = ["default"]
files = [
    {file = "requests-2.32.3.tar.gz", hash = "sha256:9f86d081884c7d659a2feaa0c55ad015a3bf4f1b2b0b822cd15d6c15b0f00a08"},
]

[[package]]
name = "local-pkg"
version = "0.0.1"
path = "./packages/local-pkg"
files = []
