# Generated by pub
# See https://dart.dev/tools/pub/glossary#lockfile
packages:
  http:
    dependency: "direct main"
    description:
      name: http
      sha256: "9f86d081884c7d659a2feaa0c55ad015a3bf4f1b2b0b822cd15d6c15b0f00a08"
      url: "https://pub.dev"
    source: hosted
    version: "1.2.1"
  local_pkg:
    dependency: "direct main"
    description:
      path: "../local_pkg"
      relative: true
    source: path
    version: "0.0.1"
sdks:
  dart: ">=3.0.0 <4.0.0"
