# This is a Gradle generated file for dependency locking.
# Manual edits can break the build and are not advised.
# This file is generated by the Gradle 'dependencies' task.
empty=compileClasspath,runtimeClasspath
org.apache.commons:commons-lang3:3.14.0=compileClasspath,runtimeClasspath
com.google.guava:guava:33.0.0-jre=runtimeClasspath
