{
    "content-hash": "aaaaaaaaaaaaaaaaaaaaaaaaaaaaaaaa",
    "packages": [
        {
            "name": "psr/log",
            "version": "3.0.2",
            "dist": {
                "type": "zip",
                "url": "https://repo.packagist.org/p2/psr/log/psr-log-3.0.2-de3.zip",
                "reference": "f16e1d5863e37f8d8c2a01719f5b34baa2b714d3",
                "shasum": "9f86d081884c7d659a2feaa0c55ad015a3bf4f1b2b0b822cd15d6c15b0f00a08"
            }
        }
    ],
    "packages-dev": [
        {
            "name": "phpunit/phpunit",
            "version": "11.0.0",
            "source": {
                "type": "git",
                "url": "https://github.com/sebastianbergmann/phpunit.git",
                "reference": "aaaaaaaaaaaaaaaaaaaaaaaaaaaaaaaaaaaaaaaa"
            }
        }
    ]
}
